
Microsoft Visual Studio Solution File, Format Version 12.00
# Visual Studio Version 17
VisualStudioVersion = 17.2.32516.85
MinimumVisualStudioVersion = 10.0.40219.1
Project("{8BC9CEB8-8B4A-11D0-8D11-00A0C91BC942}") = "Print out of compound interest", "Print out of compound interest.vcxproj", "{6CBA29DF-A1AB-4560-AC58-DCB9B8A6AC8E}"
EndProject
Global
	GlobalSection(SolutionConfigurationPlatforms) = preSolution
		Debug|x64 = Debug|x64
		Debug|x86 = Debug|x86
		Release|x64 = Release|x64
		Release|x86 = Release|x86
	EndGlobalSection
	GlobalSection(ProjectConfigurationPlatforms) = postSolution
		{6CBA29DF-A1AB-4560-AC58-DCB9B8A6AC8E}.Debug|x64.ActiveCfg = Debug|x64
		{6CBA29DF-A1AB-4560-AC58-DCB9B8A6AC8E}.Debug|x64.Build.0 = Debug|x64
		{6CBA29DF-A1AB-4560-AC58-DCB9B8A6AC8E}.Debug|x86.ActiveCfg = Debug|Win32
		{6CBA29DF-A1AB-4560-AC58-DCB9B8A6AC8E}.Debug|x86.Build.0 = Debug|Win32
		{6CBA29DF-A1AB-4560-AC58-DCB9B8A6AC8E}.Release|x64.ActiveCfg = Release|x64
		{6CBA29DF-A1AB-4560-AC58-DCB9B8A6AC8E}.Release|x64.Build.0 = Release|x64
		{6CBA29DF-A1AB-4560-AC58-DCB9B8A6AC8E}.Release|x86.ActiveCfg = Release|Win32
		{6CBA29DF-A1AB-4560-AC58-DCB9B8A6AC8E}.Release|x86.Build.0 = Release|Win32
	EndGlobalSection
	GlobalSection(SolutionProperties) = preSolution
		HideSolutionNode = FALSE
	EndGlobalSection
	GlobalSection(ExtensibilityGlobals) = postSolution
		SolutionGuid = {FF43EC76-28F9-4B5D-A1C2-46E84E18BDC3}
	EndGlobalSection
EndGlobal
